PODS:
  - Alamofire (5.6.1)
  - KakaoSDKAuth (2.9.1):
    - KakaoSDKCommon (= 2.9.1)
  - KakaoSDKCommon (2.9.1):
    - KakaoSDKCommon/Common (= 2.9.1)
    - KakaoSDKCommon/Network (= 2.9.1)
  - KakaoSDKCommon/Common (2.9.1)
  - KakaoSDKCommon/Network (2.9.1):
    - Alamofire (~> 5.1)
    - KakaoSDKCommon/Common (= 2.9.1)
  - KakaoSDKUser (2.9.1):
    - KakaoSDKAuth (= 2.9.1)

DEPENDENCIES:
  - KakaoSDKUser

SPEC REPOS:
  trunk:
    - Alamofire
    - KakaoSDKAuth
    - KakaoSDKCommon
    - KakaoSDKUser

SPEC CHECKSUMS:
  Alamofire: 87bd8c952f9a4454320fce00d9cc3de57bcadaf5
  KakaoSDKAuth: 8ec514e64f57f405735e92483fdae1cc2830d351
  KakaoSDKCommon: c4b08131fdba6770a280ffe83916048174f329bf
  KakaoSDKUser: 3b82c8f4b7bdd8584b296cf91d1be4b4a84102fb

PODFILE CHECKSUM: a8398655734835495c6d3917066d36b471fe5488

COCOAPODS: 1.11.3
