// !$*UTF8*$!
{
	archiveVersion = 1;
	classes = {
	};
	objectVersion = 55;
	objects = {

/* Begin PBXBuildFile section */
		3665A0B6282CCE6A0075CAEA /* AddCollectionViewCell.swift in Sources */ = {isa = PBXBuildFile; fileRef = 3665A0B4282CCE6A0075CAEA /* AddCollectionViewCell.swift */; };
		3665A0B7282CCE6A0075CAEA /* AddCollectionViewCell.xib in Resources */ = {isa = PBXBuildFile; fileRef = 3665A0B5282CCE6A0075CAEA /* AddCollectionViewCell.xib */; };
		36AD7B372829DBED00AD5E26 /* MovieSearchResponse.swift in Sources */ = {isa = PBXBuildFile; fileRef = 36AD7B362829DBED00AD5E26 /* MovieSearchResponse.swift */; };
		36AD7B392829DC0A00AD5E26 /* MovieListResponse.swift in Sources */ = {isa = PBXBuildFile; fileRef = 36AD7B382829DC0A00AD5E26 /* MovieListResponse.swift */; };
		36AD7B3C2829DC2D00AD5E26 /* MovieSearchRequest.swift in Sources */ = {isa = PBXBuildFile; fileRef = 36AD7B3B2829DC2D00AD5E26 /* MovieSearchRequest.swift */; };
		36AD7B402829DC5200AD5E26 /* MovieListRequest.swift in Sources */ = {isa = PBXBuildFile; fileRef = 36AD7B3F2829DC5200AD5E26 /* MovieListRequest.swift */; };
		36AD7B462829F11200AD5E26 /* TabBarVC.swift in Sources */ = {isa = PBXBuildFile; fileRef = 36AD7B452829F11200AD5E26 /* TabBarVC.swift */; };
		36AD7B482829F37300AD5E26 /* MainVC.swift in Sources */ = {isa = PBXBuildFile; fileRef = 36AD7B472829F37300AD5E26 /* MainVC.swift */; };
		36AD7B4B2829FC3000AD5E26 /* MainTableTableViewCell.swift in Sources */ = {isa = PBXBuildFile; fileRef = 36AD7B492829FC3000AD5E26 /* MainTableTableViewCell.swift */; };
		36AD7B4C2829FC3000AD5E26 /* MainTableTableViewCell.xib in Resources */ = {isa = PBXBuildFile; fileRef = 36AD7B4A2829FC3000AD5E26 /* MainTableTableViewCell.xib */; };
		36AEF1EA282B48CE00055126 /* SearchVC.swift in Sources */ = {isa = PBXBuildFile; fileRef = 36AEF1E9282B48CE00055126 /* SearchVC.swift */; };
		36AEF1ED282B93F800055126 /* MovieSearchVC.swift in Sources */ = {isa = PBXBuildFile; fileRef = 36AEF1EC282B93F800055126 /* MovieSearchVC.swift */; };
		36AEF1F0282B955600055126 /* MovieCellTableViewCell.swift in Sources */ = {isa = PBXBuildFile; fileRef = 36AEF1EE282B955600055126 /* MovieCellTableViewCell.swift */; };
		36AEF1F1282B955600055126 /* MovieCellTableViewCell.xib in Resources */ = {isa = PBXBuildFile; fileRef = 36AEF1EF282B955600055126 /* MovieCellTableViewCell.xib */; };
		36BC1502282CAFE100A6C67D /* CellDetailVC.swift in Sources */ = {isa = PBXBuildFile; fileRef = 36BC1500282CAFE100A6C67D /* CellDetailVC.swift */; };
		36BC1503282CAFE100A6C67D /* CellDetailVC.xib in Resources */ = {isa = PBXBuildFile; fileRef = 36BC1501282CAFE100A6C67D /* CellDetailVC.xib */; };
		36D1341A282DF1CB00225FE2 /* map_pinup_custom@3x.png in Resources */ = {isa = PBXBuildFile; fileRef = 36D133F5282DF1CB00225FE2 /* map_pinup_custom@3x.png */; };
		36D1341B282DF1CB00225FE2 /* map_pin_custom.png in Resources */ = {isa = PBXBuildFile; fileRef = 36D133F6282DF1CB00225FE2 /* map_pin_custom.png */; };
		36D1341C282DF1CB00225FE2 /* shadow_balloon.png in Resources */ = {isa = PBXBuildFile; fileRef = 36D133F7282DF1CB00225FE2 /* shadow_balloon.png */; };
		36D1341D282DF1CB00225FE2 /* map_pinup.png in Resources */ = {isa = PBXBuildFile; fileRef = 36D133F8282DF1CB00225FE2 /* map_pinup.png */; };
		36D1341E282DF1CB00225FE2 /* detail_button.png in Resources */ = {isa = PBXBuildFile; fileRef = 36D133F9282DF1CB00225FE2 /* detail_button.png */; };
		36D1341F282DF1CB00225FE2 /* map_pin_custom@3x.png in Resources */ = {isa = PBXBuildFile; fileRef = 36D133FA282DF1CB00225FE2 /* map_pin_custom@3x.png */; };
		36D13420282DF1CB00225FE2 /* map_pinup@3x.png in Resources */ = {isa = PBXBuildFile; fileRef = 36D133FB282DF1CB00225FE2 /* map_pinup@3x.png */; };
		36D13421282DF1CB00225FE2 /* map_pin_shadow@3x.png in Resources */ = {isa = PBXBuildFile; fileRef = 36D133FC282DF1CB00225FE2 /* map_pin_shadow@3x.png */; };
		36D13422282DF1CB00225FE2 /* copyright.png in Resources */ = {isa = PBXBuildFile; fileRef = 36D133FD282DF1CB00225FE2 /* copyright.png */; };
		36D13423282DF1CB00225FE2 /* th_line.png in Resources */ = {isa = PBXBuildFile; fileRef = 36D133FE282DF1CB00225FE2 /* th_line.png */; };
		36D13424282DF1CB00225FE2 /* map_pin_red@3x.png in Resources */ = {isa = PBXBuildFile; fileRef = 36D133FF282DF1CB00225FE2 /* map_pin_red@3x.png */; };
		36D13425282DF1CB00225FE2 /* daum_copyright.png in Resources */ = {isa = PBXBuildFile; fileRef = 36D13400282DF1CB00225FE2 /* daum_copyright.png */; };
		36D13426282DF1CB00225FE2 /* map_pin@3x.png in Resources */ = {isa = PBXBuildFile; fileRef = 36D13401282DF1CB00225FE2 /* map_pin@3x.png */; };
		36D13427282DF1CB00225FE2 /* map_present_tracking.png in Resources */ = {isa = PBXBuildFile; fileRef = 36D13402282DF1CB00225FE2 /* map_present_tracking.png */; };
		36D13428282DF1CB00225FE2 /* map_pin_red.png in Resources */ = {isa = PBXBuildFile; fileRef = 36D13403282DF1CB00225FE2 /* map_pin_red.png */; };
		36D13429282DF1CB00225FE2 /* info_box.png in Resources */ = {isa = PBXBuildFile; fileRef = 36D1340D282DF1CB00225FE2 /* info_box.png */; };
		36D1342A282DF1CB00225FE2 /* point_sprite.png in Resources */ = {isa = PBXBuildFile; fileRef = 36D1340E282DF1CB00225FE2 /* point_sprite.png */; };
		36D1342B282DF1CB00225FE2 /* map_pinup_custom.png in Resources */ = {isa = PBXBuildFile; fileRef = 36D1340F282DF1CB00225FE2 /* map_pinup_custom.png */; };
		36D1342C282DF1CB00225FE2 /* info_box_tail.png in Resources */ = {isa = PBXBuildFile; fileRef = 36D13410282DF1CB00225FE2 /* info_box_tail.png */; };
		36D1342D282DF1CB00225FE2 /* noimage256.png in Resources */ = {isa = PBXBuildFile; fileRef = 36D13411282DF1CB00225FE2 /* noimage256.png */; };
		36D1342E282DF1CB00225FE2 /* map_present_direction.png in Resources */ = {isa = PBXBuildFile; fileRef = 36D13412282DF1CB00225FE2 /* map_present_direction.png */; };
		36D1342F282DF1CB00225FE2 /* map_pin.png in Resources */ = {isa = PBXBuildFile; fileRef = 36D13413282DF1CB00225FE2 /* map_pin.png */; };
		36D13430282DF1CB00225FE2 /* map_present.png in Resources */ = {isa = PBXBuildFile; fileRef = 36D13414282DF1CB00225FE2 /* map_present.png */; };
		36D13431282DF1CB00225FE2 /* noimage.png in Resources */ = {isa = PBXBuildFile; fileRef = 36D13415282DF1CB00225FE2 /* noimage.png */; };
		36D13432282DF1CB00225FE2 /* map_present_background_update.png in Resources */ = {isa = PBXBuildFile; fileRef = 36D13416282DF1CB00225FE2 /* map_present_background_update.png */; };
		36D13433282DF1CB00225FE2 /* daum_th_line.png in Resources */ = {isa = PBXBuildFile; fileRef = 36D13417282DF1CB00225FE2 /* daum_th_line.png */; };
		36D13434282DF1CB00225FE2 /* map_pin_shadow.png in Resources */ = {isa = PBXBuildFile; fileRef = 36D13418282DF1CB00225FE2 /* map_pin_shadow.png */; };
		36D13435282DF1CB00225FE2 /* DaumMap.framework in Frameworks */ = {isa = PBXBuildFile; fileRef = 36D13419282DF1CB00225FE2 /* DaumMap.framework */; };
		36D1343B282DF41F00225FE2 /* SystemConfiguration.framework in Frameworks */ = {isa = PBXBuildFile; fileRef = 36D1343A282DF41F00225FE2 /* SystemConfiguration.framework */; };
		36D1343D282DF42A00225FE2 /* CoreLocation.framework in Frameworks */ = {isa = PBXBuildFile; fileRef = 36D1343C282DF42A00225FE2 /* CoreLocation.framework */; };
		36D1343F282DF43200225FE2 /* QuartzCore.framework in Frameworks */ = {isa = PBXBuildFile; fileRef = 36D1343E282DF43200225FE2 /* QuartzCore.framework */; };
		36D13440282DF43D00225FE2 /* libc++.tbd in Frameworks */ = {isa = PBXBuildFile; fileRef = 36D13436282DF21C00225FE2 /* libc++.tbd */; };
		36D13442282DF45600225FE2 /* libxml2.tbd in Frameworks */ = {isa = PBXBuildFile; fileRef = 36D13441282DF44A00225FE2 /* libxml2.tbd */; };
		36D13444282DF46B00225FE2 /* libsqlite3.tbd in Frameworks */ = {isa = PBXBuildFile; fileRef = 36D13443282DF46300225FE2 /* libsqlite3.tbd */; };
		36D13446282DF4CF00225FE2 /* Metal.framework in Frameworks */ = {isa = PBXBuildFile; fileRef = 36D13445282DF4CF00225FE2 /* Metal.framework */; };
		36ECD075282955FB00729838 /* AppDelegate.swift in Sources */ = {isa = PBXBuildFile; fileRef = 36ECD074282955FB00729838 /* AppDelegate.swift */; };
		36ECD077282955FB00729838 /* SceneDelegate.swift in Sources */ = {isa = PBXBuildFile; fileRef = 36ECD076282955FB00729838 /* SceneDelegate.swift */; };
		36ECD079282955FB00729838 /* ViewController.swift in Sources */ = {isa = PBXBuildFile; fileRef = 36ECD078282955FB00729838 /* ViewController.swift */; };
		36ECD07C282955FB00729838 /* Main.storyboard in Resources */ = {isa = PBXBuildFile; fileRef = 36ECD07A282955FB00729838 /* Main.storyboard */; };
		36ECD07F282955FB00729838 /* MovieIt.xcdatamodeld in Sources */ = {isa = PBXBuildFile; fileRef = 36ECD07D282955FB00729838 /* MovieIt.xcdatamodeld */; };
		36ECD081282955FE00729838 /* Assets.xcassets in Resources */ = {isa = PBXBuildFile; fileRef = 36ECD080282955FE00729838 /* Assets.xcassets */; };
		36ECD084282955FE00729838 /* LaunchScreen.storyboard in Resources */ = {isa = PBXBuildFile; fileRef = 36ECD082282955FE00729838 /* LaunchScreen.storyboard */; };
		36F2D523282C0C0700E0C658 /* MypageVC.swift in Sources */ = {isa = PBXBuildFile; fileRef = 36F2D522282C0C0700E0C658 /* MypageVC.swift */; };
		F4DF859D3A886F4CA083B17B /* Pods_MovieIt.framework in Frameworks */ = {isa = PBXBuildFile; fileRef = 787904362A0130C385CF1A20 /* Pods_MovieIt.framework */; };
/* End PBXBuildFile section */

/* Begin PBXFileReference section */
		0BE2D967A8F91D45141931A8 /* Pods-MovieIt.release.xcconfig */ = {isa = PBXFileReference; includeInIndex = 1; lastKnownFileType = text.xcconfig; name = "Pods-MovieIt.release.xcconfig"; path = "Target Support Files/Pods-MovieIt/Pods-MovieIt.release.xcconfig"; sourceTree = "<group>"; };
		3665A0B4282CCE6A0075CAEA /* AddCollectionViewCell.swift */ = {isa = PBXFileReference; lastKnownFileType = sourcecode.swift; path = AddCollectionViewCell.swift; sourceTree = "<group>"; };
		3665A0B5282CCE6A0075CAEA /* AddCollectionViewCell.xib */ = {isa = PBXFileReference; lastKnownFileType = file.xib; path = AddCollectionViewCell.xib; sourceTree = "<group>"; };
		36AD7B362829DBED00AD5E26 /* MovieSearchResponse.swift */ = {isa = PBXFileReference; lastKnownFileType = sourcecode.swift; path = MovieSearchResponse.swift; sourceTree = "<group>"; };
		36AD7B382829DC0A00AD5E26 /* MovieListResponse.swift */ = {isa = PBXFileReference; lastKnownFileType = sourcecode.swift; path = MovieListResponse.swift; sourceTree = "<group>"; };
		36AD7B3B2829DC2D00AD5E26 /* MovieSearchRequest.swift */ = {isa = PBXFileReference; lastKnownFileType = sourcecode.swift; path = MovieSearchRequest.swift; sourceTree = "<group>"; };
		36AD7B3F2829DC5200AD5E26 /* MovieListRequest.swift */ = {isa = PBXFileReference; lastKnownFileType = sourcecode.swift; path = MovieListRequest.swift; sourceTree = "<group>"; };
		36AD7B452829F11200AD5E26 /* TabBarVC.swift */ = {isa = PBXFileReference; lastKnownFileType = sourcecode.swift; path = TabBarVC.swift; sourceTree = "<group>"; };
		36AD7B472829F37300AD5E26 /* MainVC.swift */ = {isa = PBXFileReference; lastKnownFileType = sourcecode.swift; path = MainVC.swift; sourceTree = "<group>"; };
		36AD7B492829FC3000AD5E26 /* MainTableTableViewCell.swift */ = {isa = PBXFileReference; lastKnownFileType = sourcecode.swift; path = MainTableTableViewCell.swift; sourceTree = "<group>"; };
		36AD7B4A2829FC3000AD5E26 /* MainTableTableViewCell.xib */ = {isa = PBXFileReference; lastKnownFileType = file.xib; path = MainTableTableViewCell.xib; sourceTree = "<group>"; };
		36AEF1E9282B48CE00055126 /* SearchVC.swift */ = {isa = PBXFileReference; lastKnownFileType = sourcecode.swift; path = SearchVC.swift; sourceTree = "<group>"; };
		36AEF1EC282B93F800055126 /* MovieSearchVC.swift */ = {isa = PBXFileReference; lastKnownFileType = sourcecode.swift; path = MovieSearchVC.swift; sourceTree = "<group>"; };
		36AEF1EE282B955600055126 /* MovieCellTableViewCell.swift */ = {isa = PBXFileReference; lastKnownFileType = sourcecode.swift; path = MovieCellTableViewCell.swift; sourceTree = "<group>"; };
		36AEF1EF282B955600055126 /* MovieCellTableViewCell.xib */ = {isa = PBXFileReference; lastKnownFileType = file.xib; path = MovieCellTableViewCell.xib; sourceTree = "<group>"; };
		36BC1500282CAFE100A6C67D /* CellDetailVC.swift */ = {isa = PBXFileReference; lastKnownFileType = sourcecode.swift; path = CellDetailVC.swift; sourceTree = "<group>"; };
		36BC1501282CAFE100A6C67D /* CellDetailVC.xib */ = {isa = PBXFileReference; lastKnownFileType = file.xib; path = CellDetailVC.xib; sourceTree = "<group>"; };
		36D133F5282DF1CB00225FE2 /* map_pinup_custom@3x.png */ = {isa = PBXFileReference; lastKnownFileType = image.png; path = "map_pinup_custom@3x.png"; sourceTree = "<group>"; };
		36D133F6282DF1CB00225FE2 /* map_pin_custom.png */ = {isa = PBXFileReference; lastKnownFileType = image.png; path = map_pin_custom.png; sourceTree = "<group>"; };
		36D133F7282DF1CB00225FE2 /* shadow_balloon.png */ = {isa = PBXFileReference; lastKnownFileType = image.png; path = shadow_balloon.png; sourceTree = "<group>"; };
		36D133F8282DF1CB00225FE2 /* map_pinup.png */ = {isa = PBXFileReference; lastKnownFileType = image.png; path = map_pinup.png; sourceTree = "<group>"; };
		36D133F9282DF1CB00225FE2 /* detail_button.png */ = {isa = PBXFileReference; lastKnownFileType = image.png; path = detail_button.png; sourceTree = "<group>"; };
		36D133FA282DF1CB00225FE2 /* map_pin_custom@3x.png */ = {isa = PBXFileReference; lastKnownFileType = image.png; path = "map_pin_custom@3x.png"; sourceTree = "<group>"; };
		36D133FB282DF1CB00225FE2 /* map_pinup@3x.png */ = {isa = PBXFileReference; lastKnownFileType = image.png; path = "map_pinup@3x.png"; sourceTree = "<group>"; };
		36D133FC282DF1CB00225FE2 /* map_pin_shadow@3x.png */ = {isa = PBXFileReference; lastKnownFileType = image.png; path = "map_pin_shadow@3x.png"; sourceTree = "<group>"; };
		36D133FD282DF1CB00225FE2 /* copyright.png */ = {isa = PBXFileReference; lastKnownFileType = image.png; path = copyright.png; sourceTree = "<group>"; };
		36D133FE282DF1CB00225FE2 /* th_line.png */ = {isa = PBXFileReference; lastKnownFileType = image.png; path = th_line.png; sourceTree = "<group>"; };
		36D133FF282DF1CB00225FE2 /* map_pin_red@3x.png */ = {isa = PBXFileReference; lastKnownFileType = image.png; path = "map_pin_red@3x.png"; sourceTree = "<group>"; };
		36D13400282DF1CB00225FE2 /* daum_copyright.png */ = {isa = PBXFileReference; lastKnownFileType = image.png; path = daum_copyright.png; sourceTree = "<group>"; };
		36D13401282DF1CB00225FE2 /* map_pin@3x.png */ = {isa = PBXFileReference; lastKnownFileType = image.png; path = "map_pin@3x.png"; sourceTree = "<group>"; };
		36D13402282DF1CB00225FE2 /* map_present_tracking.png */ = {isa = PBXFileReference; lastKnownFileType = image.png; path = map_present_tracking.png; sourceTree = "<group>"; };
		36D13403282DF1CB00225FE2 /* map_pin_red.png */ = {isa = PBXFileReference; lastKnownFileType = image.png; path = map_pin_red.png; sourceTree = "<group>"; };
		36D13405282DF1CB00225FE2 /* MTMapPOIItem.h */ = {isa = PBXFileReference; fileEncoding = 4; lastKnownFileType = sourcecode.c.h; path = MTMapPOIItem.h; sourceTree = "<group>"; };
		36D13406282DF1CB00225FE2 /* MTMapCameraUpdate.h */ = {isa = PBXFileReference; fileEncoding = 4; lastKnownFileType = sourcecode.c.h; path = MTMapCameraUpdate.h; sourceTree = "<group>"; };
		36D13407282DF1CB00225FE2 /* MTMapReverseGeoCoder.h */ = {isa = PBXFileReference; fileEncoding = 4; lastKnownFileType = sourcecode.c.h; path = MTMapReverseGeoCoder.h; sourceTree = "<group>"; };
		36D13408282DF1CB00225FE2 /* MTMapPolyline.h */ = {isa = PBXFileReference; fileEncoding = 4; lastKnownFileType = sourcecode.c.h; path = MTMapPolyline.h; sourceTree = "<group>"; };
		36D13409282DF1CB00225FE2 /* MTMapLocationMarkerItem.h */ = {isa = PBXFileReference; fileEncoding = 4; lastKnownFileType = sourcecode.c.h; path = MTMapLocationMarkerItem.h; sourceTree = "<group>"; };
		36D1340A282DF1CB00225FE2 /* MTMapView.h */ = {isa = PBXFileReference; fileEncoding = 4; lastKnownFileType = sourcecode.c.h; path = MTMapView.h; sourceTree = "<group>"; };
		36D1340B282DF1CB00225FE2 /* MTMapGeometry.h */ = {isa = PBXFileReference; fileEncoding = 4; lastKnownFileType = sourcecode.c.h; path = MTMapGeometry.h; sourceTree = "<group>"; };
		36D1340C282DF1CB00225FE2 /* MTMapCircle.h */ = {isa = PBXFileReference; fileEncoding = 4; lastKnownFileType = sourcecode.c.h; path = MTMapCircle.h; sourceTree = "<group>"; };
		36D1340D282DF1CB00225FE2 /* info_box.png */ = {isa = PBXFileReference; lastKnownFileType = image.png; path = info_box.png; sourceTree = "<group>"; };
		36D1340E282DF1CB00225FE2 /* point_sprite.png */ = {isa = PBXFileReference; lastKnownFileType = image.png; path = point_sprite.png; sourceTree = "<group>"; };
		36D1340F282DF1CB00225FE2 /* map_pinup_custom.png */ = {isa = PBXFileReference; lastKnownFileType = image.png; path = map_pinup_custom.png; sourceTree = "<group>"; };
		36D13410282DF1CB00225FE2 /* info_box_tail.png */ = {isa = PBXFileReference; lastKnownFileType = image.png; path = info_box_tail.png; sourceTree = "<group>"; };
		36D13411282DF1CB00225FE2 /* noimage256.png */ = {isa = PBXFileReference; lastKnownFileType = image.png; path = noimage256.png; sourceTree = "<group>"; };
		36D13412282DF1CB00225FE2 /* map_present_direction.png */ = {isa = PBXFileReference; lastKnownFileType = image.png; path = map_present_direction.png; sourceTree = "<group>"; };
		36D13413282DF1CB00225FE2 /* map_pin.png */ = {isa = PBXFileReference; lastKnownFileType = image.png; path = map_pin.png; sourceTree = "<group>"; };
		36D13414282DF1CB00225FE2 /* map_present.png */ = {isa = PBXFileReference; lastKnownFileType = image.png; path = map_present.png; sourceTree = "<group>"; };
		36D13415282DF1CB00225FE2 /* noimage.png */ = {isa = PBXFileReference; lastKnownFileType = image.png; path = noimage.png; sourceTree = "<group>"; };
		36D13416282DF1CB00225FE2 /* map_present_background_update.png */ = {isa = PBXFileReference; lastKnownFileType = image.png; path = map_present_background_update.png; sourceTree = "<group>"; };
		36D13417282DF1CB00225FE2 /* daum_th_line.png */ = {isa = PBXFileReference; lastKnownFileType = image.png; path = daum_th_line.png; sourceTree = "<group>"; };
		36D13418282DF1CB00225FE2 /* map_pin_shadow.png */ = {isa = PBXFileReference; lastKnownFileType = image.png; path = map_pin_shadow.png; sourceTree = "<group>"; };
		36D13419282DF1CB00225FE2 /* DaumMap.framework */ = {isa = PBXFileReference; lastKnownFileType = wrapper.framework; path = DaumMap.framework; sourceTree = "<group>"; };
		36D13436282DF21C00225FE2 /* libc++.tbd */ = {isa = PBXFileReference; lastKnownFileType = "sourcecode.text-based-dylib-definition"; name = "libc++.tbd"; path = "usr/lib/libc++.tbd"; sourceTree = SDKROOT; };
		36D13437282DF27300225FE2 /* Kaka0-Map-Bridge-Header.h */ = {isa = PBXFileReference; lastKnownFileType = sourcecode.c.h; path = "Kaka0-Map-Bridge-Header.h"; sourceTree = "<group>"; };
		36D13438282DF41500225FE2 /* OpenGLES.framework */ = {isa = PBXFileReference; lastKnownFileType = wrapper.framework; name = OpenGLES.framework; path = System/Library/Frameworks/OpenGLES.framework; sourceTree = SDKROOT; };
		36D1343A282DF41F00225FE2 /* SystemConfiguration.framework */ = {isa = PBXFileReference; lastKnownFileType = wrapper.framework; name = SystemConfiguration.framework; path = System/Library/Frameworks/SystemConfiguration.framework; sourceTree = SDKROOT; };
		36D1343C282DF42A00225FE2 /* CoreLocation.framework */ = {isa = PBXFileReference; lastKnownFileType = wrapper.framework; name = CoreLocation.framework; path = System/Library/Frameworks/CoreLocation.framework; sourceTree = SDKROOT; };
		36D1343E282DF43200225FE2 /* QuartzCore.framework */ = {isa = PBXFileReference; lastKnownFileType = wrapper.framework; name = QuartzCore.framework; path = System/Library/Frameworks/QuartzCore.framework; sourceTree = SDKROOT; };
		36D13441282DF44A00225FE2 /* libxml2.tbd */ = {isa = PBXFileReference; lastKnownFileType = "sourcecode.text-based-dylib-definition"; name = libxml2.tbd; path = usr/lib/libxml2.tbd; sourceTree = SDKROOT; };
		36D13443282DF46300225FE2 /* libsqlite3.tbd */ = {isa = PBXFileReference; lastKnownFileType = "sourcecode.text-based-dylib-definition"; name = libsqlite3.tbd; path = usr/lib/libsqlite3.tbd; sourceTree = SDKROOT; };
		36D13445282DF4CF00225FE2 /* Metal.framework */ = {isa = PBXFileReference; lastKnownFileType = wrapper.framework; name = Metal.framework; path = System/Library/Frameworks/Metal.framework; sourceTree = SDKROOT; };
		36ECD071282955FB00729838 /* MovieIt.app */ = {isa = PBXFileReference; explicitFileType = wrapper.application; includeInIndex = 0; path = MovieIt.app; sourceTree = BUILT_PRODUCTS_DIR; };
		36ECD074282955FB00729838 /* AppDelegate.swift */ = {isa = PBXFileReference; lastKnownFileType = sourcecode.swift; path = AppDelegate.swift; sourceTree = "<group>"; };
		36ECD076282955FB00729838 /* SceneDelegate.swift */ = {isa = PBXFileReference; lastKnownFileType = sourcecode.swift; path = SceneDelegate.swift; sourceTree = "<group>"; };
		36ECD078282955FB00729838 /* ViewController.swift */ = {isa = PBXFileReference; lastKnownFileType = sourcecode.swift; path = ViewController.swift; sourceTree = "<group>"; };
		36ECD07B282955FB00729838 /* Base */ = {isa = PBXFileReference; lastKnownFileType = file.storyboard; name = Base; path = Base.lproj/Main.storyboard; sourceTree = "<group>"; };
		36ECD07E282955FB00729838 /* MovieIt.xcdatamodel */ = {isa = PBXFileReference; lastKnownFileType = wrapper.xcdatamodel; path = MovieIt.xcdatamodel; sourceTree = "<group>"; };
		36ECD080282955FE00729838 /* Assets.xcassets */ = {isa = PBXFileReference; lastKnownFileType = folder.assetcatalog; path = Assets.xcassets; sourceTree = "<group>"; };
		36ECD083282955FE00729838 /* Base */ = {isa = PBXFileReference; lastKnownFileType = file.storyboard; name = Base; path = Base.lproj/LaunchScreen.storyboard; sourceTree = "<group>"; };
		36ECD085282955FE00729838 /* Info.plist */ = {isa = PBXFileReference; lastKnownFileType = text.plist.xml; path = Info.plist; sourceTree = "<group>"; };
		36F2D522282C0C0700E0C658 /* MypageVC.swift */ = {isa = PBXFileReference; lastKnownFileType = sourcecode.swift; path = MypageVC.swift; sourceTree = "<group>"; };
		787904362A0130C385CF1A20 /* Pods_MovieIt.framework */ = {isa = PBXFileReference; explicitFileType = wrapper.framework; includeInIndex = 0; path = Pods_MovieIt.framework; sourceTree = BUILT_PRODUCTS_DIR; };
		D1EE34233732C3D899A1EC3A /* Pods-MovieIt.debug.xcconfig */ = {isa = PBXFileReference; includeInIndex = 1; lastKnownFileType = text.xcconfig; name = "Pods-MovieIt.debug.xcconfig"; path = "Target Support Files/Pods-MovieIt/Pods-MovieIt.debug.xcconfig"; sourceTree = "<group>"; };
/* End PBXFileReference section */

/* Begin PBXFrameworksBuildPhase section */
		36ECD06E282955FB00729838 /* Frameworks */ = {
			isa = PBXFrameworksBuildPhase;
			buildActionMask = 2147483647;
			files = (
				36D13435282DF1CB00225FE2 /* DaumMap.framework in Frameworks */,
				36D13446282DF4CF00225FE2 /* Metal.framework in Frameworks */,
				36D13440282DF43D00225FE2 /* libc++.tbd in Frameworks */,
				36D1343D282DF42A00225FE2 /* CoreLocation.framework in Frameworks */,
				36D13444282DF46B00225FE2 /* libsqlite3.tbd in Frameworks */,
				36D1343F282DF43200225FE2 /* QuartzCore.framework in Frameworks */,
				F4DF859D3A886F4CA083B17B /* Pods_MovieIt.framework in Frameworks */,
				36D13442282DF45600225FE2 /* libxml2.tbd in Frameworks */,
				36D1343B282DF41F00225FE2 /* SystemConfiguration.framework in Frameworks */,
			);
			runOnlyForDeploymentPostprocessing = 0;
		};
/* End PBXFrameworksBuildPhase section */

/* Begin PBXGroup section */
		0DBDEE99A6E435297F5D71F7 /* Frameworks */ = {
			isa = PBXGroup;
			children = (
				36D13445282DF4CF00225FE2 /* Metal.framework */,
				36D13443282DF46300225FE2 /* libsqlite3.tbd */,
				36D13441282DF44A00225FE2 /* libxml2.tbd */,
				36D1343E282DF43200225FE2 /* QuartzCore.framework */,
				36D1343C282DF42A00225FE2 /* CoreLocation.framework */,
				36D1343A282DF41F00225FE2 /* SystemConfiguration.framework */,
				36D13438282DF41500225FE2 /* OpenGLES.framework */,
				36D13436282DF21C00225FE2 /* libc++.tbd */,
				36D133F3282DF1CB00225FE2 /* DaumMap.embeddedframework */,
				787904362A0130C385CF1A20 /* Pods_MovieIt.framework */,
			);
			name = Frameworks;
			sourceTree = "<group>";
		};
		36AD7B2E2829DA7D00AD5E26 /* Login */ = {
			isa = PBXGroup;
			children = (
				36ECD07A282955FB00729838 /* Main.storyboard */,
				36ECD078282955FB00729838 /* ViewController.swift */,
				36AD7B452829F11200AD5E26 /* TabBarVC.swift */,
			);
			path = Login;
			sourceTree = "<group>";
		};
		36AD7B302829DB0600AD5E26 /* MainPage */ = {
			isa = PBXGroup;
			children = (
				36AD7B472829F37300AD5E26 /* MainVC.swift */,
				36AD7B4A2829FC3000AD5E26 /* MainTableTableViewCell.xib */,
				36AD7B492829FC3000AD5E26 /* MainTableTableViewCell.swift */,
			);
			path = MainPage;
			sourceTree = "<group>";
		};
		36AD7B352829DB6200AD5E26 /* Response */ = {
			isa = PBXGroup;
			children = (
				36AD7B362829DBED00AD5E26 /* MovieSearchResponse.swift */,
				36AD7B382829DC0A00AD5E26 /* MovieListResponse.swift */,
			);
			path = Response;
			sourceTree = "<group>";
		};
		36AD7B3A2829DC1600AD5E26 /* Request */ = {
			isa = PBXGroup;
			children = (
				36AD7B3B2829DC2D00AD5E26 /* MovieSearchRequest.swift */,
				36AD7B3F2829DC5200AD5E26 /* MovieListRequest.swift */,
			);
			path = Request;
			sourceTree = "<group>";
		};
		36AEF1E8282B48B300055126 /* SearchPage */ = {
			isa = PBXGroup;
			children = (
				36AEF1E9282B48CE00055126 /* SearchVC.swift */,
			);
			path = SearchPage;
			sourceTree = "<group>";
		};
		36AEF1EB282B93DB00055126 /* MovieSearchPage */ = {
			isa = PBXGroup;
			children = (
				36AEF1EC282B93F800055126 /* MovieSearchVC.swift */,
				36AEF1EF282B955600055126 /* MovieCellTableViewCell.xib */,
				36AEF1EE282B955600055126 /* MovieCellTableViewCell.swift */,
				36BC1501282CAFE100A6C67D /* CellDetailVC.xib */,
				36BC1500282CAFE100A6C67D /* CellDetailVC.swift */,
			);
			path = MovieSearchPage;
			sourceTree = "<group>";
		};
		36D133F3282DF1CB00225FE2 /* DaumMap.embeddedframework */ = {
			isa = PBXGroup;
			children = (
				36D133F4282DF1CB00225FE2 /* Resources */,
				36D13419282DF1CB00225FE2 /* DaumMap.framework */,
			);
			path = DaumMap.embeddedframework;
			sourceTree = "<group>";
		};
		36D133F4282DF1CB00225FE2 /* Resources */ = {
			isa = PBXGroup;
			children = (
				36D133F5282DF1CB00225FE2 /* map_pinup_custom@3x.png */,
				36D133F6282DF1CB00225FE2 /* map_pin_custom.png */,
				36D133F7282DF1CB00225FE2 /* shadow_balloon.png */,
				36D133F8282DF1CB00225FE2 /* map_pinup.png */,
				36D133F9282DF1CB00225FE2 /* detail_button.png */,
				36D133FA282DF1CB00225FE2 /* map_pin_custom@3x.png */,
				36D133FB282DF1CB00225FE2 /* map_pinup@3x.png */,
				36D133FC282DF1CB00225FE2 /* map_pin_shadow@3x.png */,
				36D133FD282DF1CB00225FE2 /* copyright.png */,
				36D133FE282DF1CB00225FE2 /* th_line.png */,
				36D133FF282DF1CB00225FE2 /* map_pin_red@3x.png */,
				36D13400282DF1CB00225FE2 /* daum_copyright.png */,
				36D13401282DF1CB00225FE2 /* map_pin@3x.png */,
				36D13402282DF1CB00225FE2 /* map_present_tracking.png */,
				36D13403282DF1CB00225FE2 /* map_pin_red.png */,
				36D13404282DF1CB00225FE2 /* Headers */,
				36D1340D282DF1CB00225FE2 /* info_box.png */,
				36D1340E282DF1CB00225FE2 /* point_sprite.png */,
				36D1340F282DF1CB00225FE2 /* map_pinup_custom.png */,
				36D13410282DF1CB00225FE2 /* info_box_tail.png */,
				36D13411282DF1CB00225FE2 /* noimage256.png */,
				36D13412282DF1CB00225FE2 /* map_present_direction.png */,
				36D13413282DF1CB00225FE2 /* map_pin.png */,
				36D13414282DF1CB00225FE2 /* map_present.png */,
				36D13415282DF1CB00225FE2 /* noimage.png */,
				36D13416282DF1CB00225FE2 /* map_present_background_update.png */,
				36D13417282DF1CB00225FE2 /* daum_th_line.png */,
				36D13418282DF1CB00225FE2 /* map_pin_shadow.png */,
			);
			path = Resources;
			sourceTree = "<group>";
		};
		36D13404282DF1CB00225FE2 /* Headers */ = {
			isa = PBXGroup;
			children = (
				36D13405282DF1CB00225FE2 /* MTMapPOIItem.h */,
				36D13406282DF1CB00225FE2 /* MTMapCameraUpdate.h */,
				36D13407282DF1CB00225FE2 /* MTMapReverseGeoCoder.h */,
				36D13408282DF1CB00225FE2 /* MTMapPolyline.h */,
				36D13409282DF1CB00225FE2 /* MTMapLocationMarkerItem.h */,
				36D1340A282DF1CB00225FE2 /* MTMapView.h */,
				36D1340B282DF1CB00225FE2 /* MTMapGeometry.h */,
				36D1340C282DF1CB00225FE2 /* MTMapCircle.h */,
			);
			path = Headers;
			sourceTree = "<group>";
		};
		36ECD068282955FB00729838 = {
			isa = PBXGroup;
			children = (
				36D13437282DF27300225FE2 /* Kaka0-Map-Bridge-Header.h */,
				36ECD073282955FB00729838 /* MovieIt */,
				36AD7B2E2829DA7D00AD5E26 /* Login */,
				36AD7B302829DB0600AD5E26 /* MainPage */,
				36AEF1E8282B48B300055126 /* SearchPage */,
				36AEF1EB282B93DB00055126 /* MovieSearchPage */,
				36F2D521282C0BE500E0C658 /* MyPage */,
				36AD7B352829DB6200AD5E26 /* Response */,
				36AD7B3A2829DC1600AD5E26 /* Request */,
				36ECD072282955FB00729838 /* Products */,
				E7123466D288D18F00C7C77B /* Pods */,
				0DBDEE99A6E435297F5D71F7 /* Frameworks */,
			);
			sourceTree = "<group>";
		};
		36ECD072282955FB00729838 /* Products */ = {
			isa = PBXGroup;
			children = (
				36ECD071282955FB00729838 /* MovieIt.app */,
			);
			name = Products;
			sourceTree = "<group>";
		};
		36ECD073282955FB00729838 /* MovieIt */ = {
			isa = PBXGroup;
			children = (
				36ECD074282955FB00729838 /* AppDelegate.swift */,
				36ECD076282955FB00729838 /* SceneDelegate.swift */,
				36ECD080282955FE00729838 /* Assets.xcassets */,
				36ECD082282955FE00729838 /* LaunchScreen.storyboard */,
				36ECD085282955FE00729838 /* Info.plist */,
				36ECD07D282955FB00729838 /* MovieIt.xcdatamodeld */,
			);
			path = MovieIt;
			sourceTree = "<group>";
		};
		36F2D521282C0BE500E0C658 /* MyPage */ = {
			isa = PBXGroup;
			children = (
				36F2D522282C0C0700E0C658 /* MypageVC.swift */,
				3665A0B4282CCE6A0075CAEA /* AddCollectionViewCell.swift */,
				3665A0B5282CCE6A0075CAEA /* AddCollectionViewCell.xib */,
			);
			path = MyPage;
			sourceTree = "<group>";
		};
		E7123466D288D18F00C7C77B /* Pods */ = {
			isa = PBXGroup;
			children = (
				D1EE34233732C3D899A1EC3A /* Pods-MovieIt.debug.xcconfig */,
				0BE2D967A8F91D45141931A8 /* Pods-MovieIt.release.xcconfig */,
			);
			path = Pods;
			sourceTree = "<group>";
		};
/* End PBXGroup section */

/* Begin PBXNativeTarget section */
		36ECD070282955FB00729838 /* MovieIt */ = {
			isa = PBXNativeTarget;
			buildConfigurationList = 36ECD088282955FE00729838 /* Build configuration list for PBXNativeTarget "MovieIt" */;
			buildPhases = (
				845872971CE8F6231A5F6E3C /* [CP] Check Pods Manifest.lock */,
				36ECD06D282955FB00729838 /* Sources */,
				36ECD06E282955FB00729838 /* Frameworks */,
				36ECD06F282955FB00729838 /* Resources */,
				490B5382EBFDB2634A62FAFB /* [CP] Embed Pods Frameworks */,
			);
			buildRules = (
			);
			dependencies = (
			);
			name = MovieIt;
			productName = MovieIt;
			productReference = 36ECD071282955FB00729838 /* MovieIt.app */;
			productType = "com.apple.product-type.application";
		};
/* End PBXNativeTarget section */

/* Begin PBXProject section */
		36ECD069282955FB00729838 /* Project object */ = {
			isa = PBXProject;
			attributes = {
				BuildIndependentTargetsInParallel = 1;
				LastSwiftUpdateCheck = 1330;
				LastUpgradeCheck = 1330;
				TargetAttributes = {
					36ECD070282955FB00729838 = {
						CreatedOnToolsVersion = 13.3.1;
					};
				};
			};
			buildConfigurationList = 36ECD06C282955FB00729838 /* Build configuration list for PBXProject "MovieIt" */;
			compatibilityVersion = "Xcode 13.0";
			developmentRegion = en;
			hasScannedForEncodings = 0;
			knownRegions = (
				en,
				Base,
			);
			mainGroup = 36ECD068282955FB00729838;
			productRefGroup = 36ECD072282955FB00729838 /* Products */;
			projectDirPath = "";
			projectRoot = "";
			targets = (
				36ECD070282955FB00729838 /* MovieIt */,
			);
		};
/* End PBXProject section */

/* Begin PBXResourcesBuildPhase section */
		36ECD06F282955FB00729838 /* Resources */ = {
			isa = PBXResourcesBuildPhase;
			buildActionMask = 2147483647;
			files = (
				36D1341D282DF1CB00225FE2 /* map_pinup.png in Resources */,
				36D1341A282DF1CB00225FE2 /* map_pinup_custom@3x.png in Resources */,
				36AEF1F1282B955600055126 /* MovieCellTableViewCell.xib in Resources */,
				36D1341B282DF1CB00225FE2 /* map_pin_custom.png in Resources */,
				36AD7B4C2829FC3000AD5E26 /* MainTableTableViewCell.xib in Resources */,
				36D13421282DF1CB00225FE2 /* map_pin_shadow@3x.png in Resources */,
				36D13428282DF1CB00225FE2 /* map_pin_red.png in Resources */,
				36D1342D282DF1CB00225FE2 /* noimage256.png in Resources */,
				36D13430282DF1CB00225FE2 /* map_present.png in Resources */,
				36ECD084282955FE00729838 /* LaunchScreen.storyboard in Resources */,
				36D13423282DF1CB00225FE2 /* th_line.png in Resources */,
				36D1341E282DF1CB00225FE2 /* detail_button.png in Resources */,
				36D1342F282DF1CB00225FE2 /* map_pin.png in Resources */,
				36D1341C282DF1CB00225FE2 /* shadow_balloon.png in Resources */,
				36D1342A282DF1CB00225FE2 /* point_sprite.png in Resources */,
				36D13422282DF1CB00225FE2 /* copyright.png in Resources */,
				36D1342C282DF1CB00225FE2 /* info_box_tail.png in Resources */,
				36D13429282DF1CB00225FE2 /* info_box.png in Resources */,
				36D13434282DF1CB00225FE2 /* map_pin_shadow.png in Resources */,
				3665A0B7282CCE6A0075CAEA /* AddCollectionViewCell.xib in Resources */,
				36D13426282DF1CB00225FE2 /* map_pin@3x.png in Resources */,
				36D13424282DF1CB00225FE2 /* map_pin_red@3x.png in Resources */,
				36D1341F282DF1CB00225FE2 /* map_pin_custom@3x.png in Resources */,
				36ECD081282955FE00729838 /* Assets.xcassets in Resources */,
				36D13431282DF1CB00225FE2 /* noimage.png in Resources */,
				36ECD07C282955FB00729838 /* Main.storyboard in Resources */,
				36D13432282DF1CB00225FE2 /* map_present_background_update.png in Resources */,
				36D13433282DF1CB00225FE2 /* daum_th_line.png in Resources */,
				36D1342E282DF1CB00225FE2 /* map_present_direction.png in Resources */,
				36D1342B282DF1CB00225FE2 /* map_pinup_custom.png in Resources */,
				36D13425282DF1CB00225FE2 /* daum_copyright.png in Resources */,
				36BC1503282CAFE100A6C67D /* CellDetailVC.xib in Resources */,
				36D13420282DF1CB00225FE2 /* map_pinup@3x.png in Resources */,
				36D13427282DF1CB00225FE2 /* map_present_tracking.png in Resources */,
			);
			runOnlyForDeploymentPostprocessing = 0;
		};
/* End PBXResourcesBuildPhase section */

/* Begin PBXShellScriptBuildPhase section */
		490B5382EBFDB2634A62FAFB /* [CP] Embed Pods Frameworks */ = {
			isa = PBXShellScriptBuildPhase;
			buildActionMask = 2147483647;
			files = (
			);
			inputFileListPaths = (
				"${PODS_ROOT}/Target Support Files/Pods-MovieIt/Pods-MovieIt-frameworks-${CONFIGURATION}-input-files.xcfilelist",
			);
			name = "[CP] Embed Pods Frameworks";
			outputFileListPaths = (
				"${PODS_ROOT}/Target Support Files/Pods-MovieIt/Pods-MovieIt-frameworks-${CONFIGURATION}-output-files.xcfilelist",
			);
			runOnlyForDeploymentPostprocessing = 0;
			shellPath = /bin/sh;
			shellScript = "\"${PODS_ROOT}/Target Support Files/Pods-MovieIt/Pods-MovieIt-frameworks.sh\"\n";
			showEnvVarsInLog = 0;
		};
		845872971CE8F6231A5F6E3C /* [CP] Check Pods Manifest.lock */ = {
			isa = PBXShellScriptBuildPhase;
			buildActionMask = 2147483647;
			files = (
			);
			inputFileListPaths = (
			);
			inputPaths = (
				"${PODS_PODFILE_DIR_PATH}/Podfile.lock",
				"${PODS_ROOT}/Manifest.lock",
			);
			name = "[CP] Check Pods Manifest.lock";
			outputFileListPaths = (
			);
			outputPaths = (
				"$(DERIVED_FILE_DIR)/Pods-MovieIt-checkManifestLockResult.txt",
			);
			runOnlyForDeploymentPostprocessing = 0;
			shellPath = /bin/sh;
			shellScript = "diff \"${PODS_PODFILE_DIR_PATH}/Podfile.lock\" \"${PODS_ROOT}/Manifest.lock\" > /dev/null\nif [ $? != 0 ] ; then\n    # print error to STDERR\n    echo \"error: The sandbox is not in sync with the Podfile.lock. Run 'pod install' or update your CocoaPods installation.\" >&2\n    exit 1\nfi\n# This output is used by Xcode 'outputs' to avoid re-running this script phase.\necho \"SUCCESS\" > \"${SCRIPT_OUTPUT_FILE_0}\"\n";
			showEnvVarsInLog = 0;
		};
/* End PBXShellScriptBuildPhase section */

/* Begin PBXSourcesBuildPhase section */
		36ECD06D282955FB00729838 /* Sources */ = {
			isa = PBXSourcesBuildPhase;
			buildActionMask = 2147483647;
			files = (
				3665A0B6282CCE6A0075CAEA /* AddCollectionViewCell.swift in Sources */,
				36F2D523282C0C0700E0C658 /* MypageVC.swift in Sources */,
				36ECD079282955FB00729838 /* ViewController.swift in Sources */,
				36AD7B3C2829DC2D00AD5E26 /* MovieSearchRequest.swift in Sources */,
				36ECD07F282955FB00729838 /* MovieIt.xcdatamodeld in Sources */,
				36AEF1F0282B955600055126 /* MovieCellTableViewCell.swift in Sources */,
				36ECD075282955FB00729838 /* AppDelegate.swift in Sources */,
				36AD7B482829F37300AD5E26 /* MainVC.swift in Sources */,
				36AEF1ED282B93F800055126 /* MovieSearchVC.swift in Sources */,
				36AD7B372829DBED00AD5E26 /* MovieSearchResponse.swift in Sources */,
				36BC1502282CAFE100A6C67D /* CellDetailVC.swift in Sources */,
				36AD7B402829DC5200AD5E26 /* MovieListRequest.swift in Sources */,
				36AD7B4B2829FC3000AD5E26 /* MainTableTableViewCell.swift in Sources */,
				36AD7B392829DC0A00AD5E26 /* MovieListResponse.swift in Sources */,
				36AD7B462829F11200AD5E26 /* TabBarVC.swift in Sources */,
				36AEF1EA282B48CE00055126 /* SearchVC.swift in Sources */,
				36ECD077282955FB00729838 /* SceneDelegate.swift in Sources */,
			);
			runOnlyForDeploymentPostprocessing = 0;
		};
/* End PBXSourcesBuildPhase section */

/* Begin PBXVariantGroup section */
		36ECD07A282955FB00729838 /* Main.storyboard */ = {
			isa = PBXVariantGroup;
			children = (
				36ECD07B282955FB00729838 /* Base */,
			);
			name = Main.storyboard;
			sourceTree = "<group>";
		};
		36ECD082282955FE00729838 /* LaunchScreen.storyboard */ = {
			isa = PBXVariantGroup;
			children = (
				36ECD083282955FE00729838 /* Base */,
			);
			name = LaunchScreen.storyboard;
			sourceTree = "<group>";
		};
/* End PBXVariantGroup section */

/* Begin XCBuildConfiguration section */
		36ECD086282955FE00729838 /* Debug */ = {
			isa = XCBuildConfiguration;
			buildSettings = {
				ALWAYS_SEARCH_USER_PATHS = NO;
				CLANG_ANALYZER_NONNULL = YES;
				CLANG_ANALYZER_NUMBER_OBJECT_CONVERSION = YES_AGGRESSIVE;
				CLANG_CXX_LANGUAGE_STANDARD = "gnu++17";
				CLANG_ENABLE_MODULES = YES;
				CLANG_ENABLE_OBJC_ARC = YES;
				CLANG_ENABLE_OBJC_WEAK = YES;
				CLANG_WARN_BLOCK_CAPTURE_AUTORELEASING = YES;
				CLANG_WARN_BOOL_CONVERSION = YES;
				CLANG_WARN_COMMA = YES;
				CLANG_WARN_CONSTANT_CONVERSION = YES;
				CLANG_WARN_DEPRECATED_OBJC_IMPLEMENTATIONS = YES;
				CLANG_WARN_DIRECT_OBJC_ISA_USAGE = YES_ERROR;
				CLANG_WARN_DOCUMENTATION_COMMENTS = YES;
				CLANG_WARN_EMPTY_BODY = YES;
				CLANG_WARN_ENUM_CONVERSION = YES;
				CLANG_WARN_INFINITE_RECURSION = YES;
				CLANG_WARN_INT_CONVERSION = YES;
				CLANG_WARN_NON_LITERAL_NULL_CONVERSION = YES;
				CLANG_WARN_OBJC_IMPLICIT_RETAIN_SELF = YES;
				CLANG_WARN_OBJC_LITERAL_CONVERSION = YES;
				CLANG_WARN_OBJC_ROOT_CLASS = YES_ERROR;
				CLANG_WARN_QUOTED_INCLUDE_IN_FRAMEWORK_HEADER = YES;
				CLANG_WARN_RANGE_LOOP_ANALYSIS = YES;
				CLANG_WARN_STRICT_PROTOTYPES = YES;
				CLANG_WARN_SUSPICIOUS_MOVE = YES;
				CLANG_WARN_UNGUARDED_AVAILABILITY = YES_AGGRESSIVE;
				CLANG_WARN_UNREACHABLE_CODE = YES;
				CLANG_WARN__DUPLICATE_METHOD_MATCH = YES;
				COPY_PHASE_STRIP = NO;
				DEBUG_INFORMATION_FORMAT = dwarf;
				ENABLE_STRICT_OBJC_MSGSEND = YES;
				ENABLE_TESTABILITY = YES;
				GCC_C_LANGUAGE_STANDARD = gnu11;
				GCC_DYNAMIC_NO_PIC = NO;
				GCC_NO_COMMON_BLOCKS = YES;
				GCC_OPTIMIZATION_LEVEL = 0;
				GCC_PREPROCESSOR_DEFINITIONS = (
					"DEBUG=1",
					"$(inherited)",
				);
				GCC_WARN_64_TO_32_BIT_CONVERSION = YES;
				GCC_WARN_ABOUT_RETURN_TYPE = YES_ERROR;
				GCC_WARN_UNDECLARED_SELECTOR = YES;
				GCC_WARN_UNINITIALIZED_AUTOS = YES_AGGRESSIVE;
				GCC_WARN_UNUSED_FUNCTION = YES;
				GCC_WARN_UNUSED_VARIABLE = YES;
				IPHONEOS_DEPLOYMENT_TARGET = 15.4;
				MTL_ENABLE_DEBUG_INFO = INCLUDE_SOURCE;
				MTL_FAST_MATH = YES;
				ONLY_ACTIVE_ARCH = YES;
				SDKROOT = iphoneos;
				SWIFT_ACTIVE_COMPILATION_CONDITIONS = DEBUG;
				SWIFT_OPTIMIZATION_LEVEL = "-Onone";
			};
			name = Debug;
		};
		36ECD087282955FE00729838 /* Release */ = {
			isa = XCBuildConfiguration;
			buildSettings = {
				ALWAYS_SEARCH_USER_PATHS = NO;
				CLANG_ANALYZER_NONNULL = YES;
				CLANG_ANALYZER_NUMBER_OBJECT_CONVERSION = YES_AGGRESSIVE;
				CLANG_CXX_LANGUAGE_STANDARD = "gnu++17";
				CLANG_ENABLE_MODULES = YES;
				CLANG_ENABLE_OBJC_ARC = YES;
				CLANG_ENABLE_OBJC_WEAK = YES;
				CLANG_WARN_BLOCK_CAPTURE_AUTORELEASING = YES;
				CLANG_WARN_BOOL_CONVERSION = YES;
				CLANG_WARN_COMMA = YES;
				CLANG_WARN_CONSTANT_CONVERSION = YES;
				CLANG_WARN_DEPRECATED_OBJC_IMPLEMENTATIONS = YES;
				CLANG_WARN_DIRECT_OBJC_ISA_USAGE = YES_ERROR;
				CLANG_WARN_DOCUMENTATION_COMMENTS = YES;
				CLANG_WARN_EMPTY_BODY = YES;
				CLANG_WARN_ENUM_CONVERSION = YES;
				CLANG_WARN_INFINITE_RECURSION = YES;
				CLANG_WARN_INT_CONVERSION = YES;
				CLANG_WARN_NON_LITERAL_NULL_CONVERSION = YES;
				CLANG_WARN_OBJC_IMPLICIT_RETAIN_SELF = YES;
				CLANG_WARN_OBJC_LITERAL_CONVERSION = YES;
				CLANG_WARN_OBJC_ROOT_CLASS = YES_ERROR;
				CLANG_WARN_QUOTED_INCLUDE_IN_FRAMEWORK_HEADER = YES;
				CLANG_WARN_RANGE_LOOP_ANALYSIS = YES;
				CLANG_WARN_STRICT_PROTOTYPES = YES;
				CLANG_WARN_SUSPICIOUS_MOVE = YES;
				CLANG_WARN_UNGUARDED_AVAILABILITY = YES_AGGRESSIVE;
				CLANG_WARN_UNREACHABLE_CODE = YES;
				CLANG_WARN__DUPLICATE_METHOD_MATCH = YES;
				COPY_PHASE_STRIP = NO;
				DEBUG_INFORMATION_FORMAT = "dwarf-with-dsym";
				ENABLE_NS_ASSERTIONS = NO;
				ENABLE_STRICT_OBJC_MSGSEND = YES;
				GCC_C_LANGUAGE_STANDARD = gnu11;
				GCC_NO_COMMON_BLOCKS = YES;
				GCC_WARN_64_TO_32_BIT_CONVERSION = YES;
				GCC_WARN_ABOUT_RETURN_TYPE = YES_ERROR;
				GCC_WARN_UNDECLARED_SELECTOR = YES;
				GCC_WARN_UNINITIALIZED_AUTOS = YES_AGGRESSIVE;
				GCC_WARN_UNUSED_FUNCTION = YES;
				GCC_WARN_UNUSED_VARIABLE = YES;
				IPHONEOS_DEPLOYMENT_TARGET = 15.4;
				MTL_ENABLE_DEBUG_INFO = NO;
				MTL_FAST_MATH = YES;
				SDKROOT = iphoneos;
				SWIFT_COMPILATION_MODE = wholemodule;
				SWIFT_OPTIMIZATION_LEVEL = "-O";
				VALIDATE_PRODUCT = YES;
			};
			name = Release;
		};
		36ECD089282955FE00729838 /* Debug */ = {
			isa = XCBuildConfiguration;
			baseConfigurationReference = D1EE34233732C3D899A1EC3A /* Pods-MovieIt.debug.xcconfig */;
			buildSettings = {
				ASSETCATALOG_COMPILER_APPICON_NAME = AppIcon;
				ASSETCATALOG_COMPILER_GLOBAL_ACCENT_COLOR_NAME = AccentColor;
				CLANG_ENABLE_OBJC_ARC = NO;
				CODE_SIGN_STYLE = Automatic;
				CURRENT_PROJECT_VERSION = 1;
				DEVELOPMENT_TEAM = 7RDXK25LLS;
				FRAMEWORK_SEARCH_PATHS = (
					"$(inherited)",
					"$(PROJECT_DIR)/DaumMap.embeddedframework",
				);
				GENERATE_INFOPLIST_FILE = YES;
				INFOPLIST_FILE = MovieIt/Info.plist;
				INFOPLIST_KEY_NSLocationAlwaysAndWhenInUseUsageDescription = "영화관 검색을 위한 위치정보를 허용해주세요.";
				INFOPLIST_KEY_NSLocationWhenInUseUsageDescription = "영화관 검색을 위한 위치정보를 허용해주세요.";
				INFOPLIST_KEY_UIApplicationSupportsIndirectInputEvents = YES;
				INFOPLIST_KEY_UILaunchStoryboardName = LaunchScreen;
				INFOPLIST_KEY_UIMainStoryboardFile = Main;
				INFOPLIST_KEY_UISupportedInterfaceOrientations_iPad = "UIInterfaceOrientationPortrait UIInterfaceOrientationPortraitUpsideDown UIInterfaceOrientationLandscapeLeft UIInterfaceOrientationLandscapeRight";
				INFOPLIST_KEY_UISupportedInterfaceOrientations_iPhone = "UIInterfaceOrientationPortrait UIInterfaceOrientationLandscapeLeft UIInterfaceOrientationLandscapeRight";
				INFOPLIST_KEY_UIUserInterfaceStyle = Light;
				LD_RUNPATH_SEARCH_PATHS = (
					"$(inherited)",
					"@executable_path/Frameworks",
				);
				MARKETING_VERSION = 1.0;
				PRODUCT_BUNDLE_IDENTIFIER = com.hoyu.MovieIt;
				PRODUCT_NAME = "$(TARGET_NAME)";
				SWIFT_EMIT_LOC_STRINGS = YES;
				SWIFT_OBJC_BRIDGING_HEADER = "/Users/hyou/Desktop/Study/MovieIt/Kaka0-Map-Bridge-Header.h";
				SWIFT_VERSION = 5.0;
				TARGETED_DEVICE_FAMILY = "1,2";
			};
			name = Debug;
		};
		36ECD08A282955FE00729838 /* Release */ = {
			isa = XCBuildConfiguration;
			baseConfigurationReference = 0BE2D967A8F91D45141931A8 /* Pods-MovieIt.release.xcconfig */;
			buildSettings = {
				ASSETCATALOG_COMPILER_APPICON_NAME = AppIcon;
				ASSETCATALOG_COMPILER_GLOBAL_ACCENT_COLOR_NAME = AccentColor;
				CLANG_ENABLE_OBJC_ARC = NO;
				CODE_SIGN_STYLE = Automatic;
				CURRENT_PROJECT_VERSION = 1;
				DEVELOPMENT_TEAM = 7RDXK25LLS;
				FRAMEWORK_SEARCH_PATHS = (
					"$(inherited)",
					"$(PROJECT_DIR)/DaumMap.embeddedframework",
				);
				GENERATE_INFOPLIST_FILE = YES;
				INFOPLIST_FILE = MovieIt/Info.plist;
				INFOPLIST_KEY_NSLocationAlwaysAndWhenInUseUsageDescription = "영화관 검색을 위한 위치정보를 허용해주세요.";
				INFOPLIST_KEY_NSLocationWhenInUseUsageDescription = "영화관 검색을 위한 위치정보를 허용해주세요.";
				INFOPLIST_KEY_UIApplicationSupportsIndirectInputEvents = YES;
				INFOPLIST_KEY_UILaunchStoryboardName = LaunchScreen;
				INFOPLIST_KEY_UIMainStoryboardFile = Main;
				INFOPLIST_KEY_UISupportedInterfaceOrientations_iPad = "UIInterfaceOrientationPortrait UIInterfaceOrientationPortraitUpsideDown UIInterfaceOrientationLandscapeLeft UIInterfaceOrientationLandscapeRight";
				INFOPLIST_KEY_UISupportedInterfaceOrientations_iPhone = "UIInterfaceOrientationPortrait UIInterfaceOrientationLandscapeLeft UIInterfaceOrientationLandscapeRight";
				INFOPLIST_KEY_UIUserInterfaceStyle = Light;
				LD_RUNPATH_SEARCH_PATHS = (
					"$(inherited)",
					"@executable_path/Frameworks",
				);
				MARKETING_VERSION = 1.0;
				PRODUCT_BUNDLE_IDENTIFIER = com.hoyu.MovieIt;
				PRODUCT_NAME = "$(TARGET_NAME)";
				SWIFT_EMIT_LOC_STRINGS = YES;
				SWIFT_OBJC_BRIDGING_HEADER = "/Users/hyou/Desktop/Study/MovieIt/Kaka0-Map-Bridge-Header.h";
				SWIFT_VERSION = 5.0;
				TARGETED_DEVICE_FAMILY = "1,2";
			};
			name = Release;
		};
/* End XCBuildConfiguration section */

/* Begin XCConfigurationList section */
		36ECD06C282955FB00729838 /* Build configuration list for PBXProject "MovieIt" */ = {
			isa = XCConfigurationList;
			buildConfigurations = (
				36ECD086282955FE00729838 /* Debug */,
				36ECD087282955FE00729838 /* Release */,
			);
			defaultConfigurationIsVisible = 0;
			defaultConfigurationName = Release;
		};
		36ECD088282955FE00729838 /* Build configuration list for PBXNativeTarget "MovieIt" */ = {
			isa = XCConfigurationList;
			buildConfigurations = (
				36ECD089282955FE00729838 /* Debug */,
				36ECD08A282955FE00729838 /* Release */,
			);
			defaultConfigurationIsVisible = 0;
			defaultConfigurationName = Release;
		};
/* End XCConfigurationList section */

/* Begin XCVersionGroup section */
		36ECD07D282955FB00729838 /* MovieIt.xcdatamodeld */ = {
			isa = XCVersionGroup;
			children = (
				36ECD07E282955FB00729838 /* MovieIt.xcdatamodel */,
			);
			currentVersion = 36ECD07E282955FB00729838 /* MovieIt.xcdatamodel */;
			path = MovieIt.xcdatamodeld;
			sourceTree = "<group>";
			versionGroupType = wrapper.xcdatamodel;
		};
/* End XCVersionGroup section */
	};
	rootObject = 36ECD069282955FB00729838 /* Project object */;
}
