// !$*UTF8*$!
{
	archiveVersion = 1;
	classes = {
	};
	objectVersion = 55;
	objects = {

/* Begin PBXBuildFile section */
		36C300BC28296E8200843B59 /* MypageViewController.swift in Sources */ = {isa = PBXBuildFile; fileRef = 36C300BA28296E8200843B59 /* MypageViewController.swift */; };
		36C300BD28296E8200843B59 /* MypageViewController.xib in Resources */ = {isa = PBXBuildFile; fileRef = 36C300BB28296E8200843B59 /* MypageViewController.xib */; };
		36ECD075282955FB00729838 /* AppDelegate.swift in Sources */ = {isa = PBXBuildFile; fileRef = 36ECD074282955FB00729838 /* AppDelegate.swift */; };
		36ECD077282955FB00729838 /* SceneDelegate.swift in Sources */ = {isa = PBXBuildFile; fileRef = 36ECD076282955FB00729838 /* SceneDelegate.swift */; };
		36ECD079282955FB00729838 /* ViewController.swift in Sources */ = {isa = PBXBuildFile; fileRef = 36ECD078282955FB00729838 /* ViewController.swift */; };
		36ECD07C282955FB00729838 /* Main.storyboard in Resources */ = {isa = PBXBuildFile; fileRef = 36ECD07A282955FB00729838 /* Main.storyboard */; };
		36ECD07F282955FB00729838 /* MovieIt.xcdatamodeld in Sources */ = {isa = PBXBuildFile; fileRef = 36ECD07D282955FB00729838 /* MovieIt.xcdatamodeld */; };
		36ECD081282955FE00729838 /* Assets.xcassets in Resources */ = {isa = PBXBuildFile; fileRef = 36ECD080282955FE00729838 /* Assets.xcassets */; };
		36ECD084282955FE00729838 /* LaunchScreen.storyboard in Resources */ = {isa = PBXBuildFile; fileRef = 36ECD082282955FE00729838 /* LaunchScreen.storyboard */; };
		F4DF859D3A886F4CA083B17B /* Pods_MovieIt.framework in Frameworks */ = {isa = PBXBuildFile; fileRef = 787904362A0130C385CF1A20 /* Pods_MovieIt.framework */; };
/* End PBXBuildFile section */

/* Begin PBXFileReference section */
		0BE2D967A8F91D45141931A8 /* Pods-MovieIt.release.xcconfig */ = {isa = PBXFileReference; includeInIndex = 1; lastKnownFileType = text.xcconfig; name = "Pods-MovieIt.release.xcconfig"; path = "Target Support Files/Pods-MovieIt/Pods-MovieIt.release.xcconfig"; sourceTree = "<group>"; };
		36C300BA28296E8200843B59 /* MypageViewController.swift */ = {isa = PBXFileReference; lastKnownFileType = sourcecode.swift; path = MypageViewController.swift; sourceTree = "<group>"; };
		36C300BB28296E8200843B59 /* MypageViewController.xib */ = {isa = PBXFileReference; lastKnownFileType = file.xib; path = MypageViewController.xib; sourceTree = "<group>"; };
		36ECD071282955FB00729838 /* MovieIt.app */ = {isa = PBXFileReference; explicitFileType = wrapper.application; includeInIndex = 0; path = MovieIt.app; sourceTree = BUILT_PRODUCTS_DIR; };
		36ECD074282955FB00729838 /* AppDelegate.swift */ = {isa = PBXFileReference; lastKnownFileType = sourcecode.swift; path = AppDelegate.swift; sourceTree = "<group>"; };
		36ECD076282955FB00729838 /* SceneDelegate.swift */ = {isa = PBXFileReference; lastKnownFileType = sourcecode.swift; path = SceneDelegate.swift; sourceTree = "<group>"; };
		36ECD078282955FB00729838 /* ViewController.swift */ = {isa = PBXFileReference; lastKnownFileType = sourcecode.swift; path = ViewController.swift; sourceTree = "<group>"; };
		36ECD07B282955FB00729838 /* Base */ = {isa = PBXFileReference; lastKnownFileType = file.storyboard; name = Base; path = Base.lproj/Main.storyboard; sourceTree = "<group>"; };
		36ECD07E282955FB00729838 /* MovieIt.xcdatamodel */ = {isa = PBXFileReference; lastKnownFileType = wrapper.xcdatamodel; path = MovieIt.xcdatamodel; sourceTree = "<group>"; };
		36ECD080282955FE00729838 /* Assets.xcassets */ = {isa = PBXFileReference; lastKnownFileType = folder.assetcatalog; path = Assets.xcassets; sourceTree = "<group>"; };
		36ECD083282955FE00729838 /* Base */ = {isa = PBXFileReference; lastKnownFileType = file.storyboard; name = Base; path = Base.lproj/LaunchScreen.storyboard; sourceTree = "<group>"; };
		36ECD085282955FE00729838 /* Info.plist */ = {isa = PBXFileReference; lastKnownFileType = text.plist.xml; path = Info.plist; sourceTree = "<group>"; };
		787904362A0130C385CF1A20 /* Pods_MovieIt.framework */ = {isa = PBXFileReference; explicitFileType = wrapper.framework; includeInIndex = 0; path = Pods_MovieIt.framework; sourceTree = BUILT_PRODUCTS_DIR; };
		D1EE34233732C3D899A1EC3A /* Pods-MovieIt.debug.xcconfig */ = {isa = PBXFileReference; includeInIndex = 1; lastKnownFileType = text.xcconfig; name = "Pods-MovieIt.debug.xcconfig"; path = "Target Support Files/Pods-MovieIt/Pods-MovieIt.debug.xcconfig"; sourceTree = "<group>"; };
/* End PBXFileReference section */

/* Begin PBXFrameworksBuildPhase section */
		36ECD06E282955FB00729838 /* Frameworks */ = {
			isa = PBXFrameworksBuildPhase;
			buildActionMask = 2147483647;
			files = (
				F4DF859D3A886F4CA083B17B /* Pods_MovieIt.framework in Frameworks */,
			);
			runOnlyForDeploymentPostprocessing = 0;
		};
/* End PBXFrameworksBuildPhase section */

/* Begin PBXGroup section */
		0DBDEE99A6E435297F5D71F7 /* Frameworks */ = {
			isa = PBXGroup;
			children = (
				787904362A0130C385CF1A20 /* Pods_MovieIt.framework */,
			);
			name = Frameworks;
			sourceTree = "<group>";
		};
		36AD7B2E2829DA7D00AD5E26 /* Login */ = {
			isa = PBXGroup;
			children = (
				36ECD07A282955FB00729838 /* Main.storyboard */,
				36ECD078282955FB00729838 /* ViewController.swift */,
			);
			path = Login;
			sourceTree = "<group>";
		};
		36AD7B2F2829DAA200AD5E26 /* MyPage */ = {
			isa = PBXGroup;
			children = (
				36C300BB28296E8200843B59 /* MypageViewController.xib */,
				36C300BA28296E8200843B59 /* MypageViewController.swift */,
			);
			path = MyPage;
			sourceTree = "<group>";
		};
		36ECD068282955FB00729838 = {
			isa = PBXGroup;
			children = (
				36ECD073282955FB00729838 /* MovieIt */,
				36AD7B2E2829DA7D00AD5E26 /* Login */,
				36AD7B2F2829DAA200AD5E26 /* MyPage */,
				36ECD072282955FB00729838 /* Products */,
				E7123466D288D18F00C7C77B /* Pods */,
				0DBDEE99A6E435297F5D71F7 /* Frameworks */,
			);
			sourceTree = "<group>";
		};
		36ECD072282955FB00729838 /* Products */ = {
			isa = PBXGroup;
			children = (
				36ECD071282955FB00729838 /* MovieIt.app */,
			);
			name = Products;
			sourceTree = "<group>";
		};
		36ECD073282955FB00729838 /* MovieIt */ = {
			isa = PBXGroup;
			children = (
				36ECD074282955FB00729838 /* AppDelegate.swift */,
				36ECD076282955FB00729838 /* SceneDelegate.swift */,
				36ECD080282955FE00729838 /* Assets.xcassets */,
				36ECD082282955FE00729838 /* LaunchScreen.storyboard */,
				36ECD085282955FE00729838 /* Info.plist */,
				36ECD07D282955FB00729838 /* MovieIt.xcdatamodeld */,
			);
			path = MovieIt;
			sourceTree = "<group>";
		};
		E7123466D288D18F00C7C77B /* Pods */ = {
			isa = PBXGroup;
			children = (
				D1EE34233732C3D899A1EC3A /* Pods-MovieIt.debug.xcconfig */,
				0BE2D967A8F91D45141931A8 /* Pods-MovieIt.release.xcconfig */,
			);
			path = Pods;
			sourceTree = "<group>";
		};
/* End PBXGroup section */

/* Begin PBXNativeTarget section */
		36ECD070282955FB00729838 /* MovieIt */ = {
			isa = PBXNativeTarget;
			buildConfigurationList = 36ECD088282955FE00729838 /* Build configuration list for PBXNativeTarget "MovieIt" */;
			buildPhases = (
				845872971CE8F6231A5F6E3C /* [CP] Check Pods Manifest.lock */,
				36ECD06D282955FB00729838 /* Sources */,
				36ECD06E282955FB00729838 /* Frameworks */,
				36ECD06F282955FB00729838 /* Resources */,
				490B5382EBFDB2634A62FAFB /* [CP] Embed Pods Frameworks */,
			);
			buildRules = (
			);
			dependencies = (
			);
			name = MovieIt;
			productName = MovieIt;
			productReference = 36ECD071282955FB00729838 /* MovieIt.app */;
			productType = "com.apple.product-type.application";
		};
/* End PBXNativeTarget section */

/* Begin PBXProject section */
		36ECD069282955FB00729838 /* Project object */ = {
			isa = PBXProject;
			attributes = {
				BuildIndependentTargetsInParallel = 1;
				LastSwiftUpdateCheck = 1330;
				LastUpgradeCheck = 1330;
				TargetAttributes = {
					36ECD070282955FB00729838 = {
						CreatedOnToolsVersion = 13.3.1;
					};
				};
			};
			buildConfigurationList = 36ECD06C282955FB00729838 /* Build configuration list for PBXProject "MovieIt" */;
			compatibilityVersion = "Xcode 13.0";
			developmentRegion = en;
			hasScannedForEncodings = 0;
			knownRegions = (
				en,
				Base,
			);
			mainGroup = 36ECD068282955FB00729838;
			productRefGroup = 36ECD072282955FB00729838 /* Products */;
			projectDirPath = "";
			projectRoot = "";
			targets = (
				36ECD070282955FB00729838 /* MovieIt */,
			);
		};
/* End PBXProject section */

/* Begin PBXResourcesBuildPhase section */
		36ECD06F282955FB00729838 /* Resources */ = {
			isa = PBXResourcesBuildPhase;
			buildActionMask = 2147483647;
			files = (
				36ECD084282955FE00729838 /* LaunchScreen.storyboard in Resources */,
				36ECD081282955FE00729838 /* Assets.xcassets in Resources */,
				36ECD07C282955FB00729838 /* Main.storyboard in Resources */,
				36C300BD28296E8200843B59 /* MypageViewController.xib in Resources */,
			);
			runOnlyForDeploymentPostprocessing = 0;
		};
/* End PBXResourcesBuildPhase section */

/* Begin PBXShellScriptBuildPhase section */
		490B5382EBFDB2634A62FAFB /* [CP] Embed Pods Frameworks */ = {
			isa = PBXShellScriptBuildPhase;
			buildActionMask = 2147483647;
			files = (
			);
			inputFileListPaths = (
				"${PODS_ROOT}/Target Support Files/Pods-MovieIt/Pods-MovieIt-frameworks-${CONFIGURATION}-input-files.xcfilelist",
			);
			name = "[CP] Embed Pods Frameworks";
			outputFileListPaths = (
				"${PODS_ROOT}/Target Support Files/Pods-MovieIt/Pods-MovieIt-frameworks-${CONFIGURATION}-output-files.xcfilelist",
			);
			runOnlyForDeploymentPostprocessing = 0;
			shellPath = /bin/sh;
			shellScript = "\"${PODS_ROOT}/Target Support Files/Pods-MovieIt/Pods-MovieIt-frameworks.sh\"\n";
			showEnvVarsInLog = 0;
		};
		845872971CE8F6231A5F6E3C /* [CP] Check Pods Manifest.lock */ = {
			isa = PBXShellScriptBuildPhase;
			buildActionMask = 2147483647;
			files = (
			);
			inputFileListPaths = (
			);
			inputPaths = (
				"${PODS_PODFILE_DIR_PATH}/Podfile.lock",
				"${PODS_ROOT}/Manifest.lock",
			);
			name = "[CP] Check Pods Manifest.lock";
			outputFileListPaths = (
			);
			outputPaths = (
				"$(DERIVED_FILE_DIR)/Pods-MovieIt-checkManifestLockResult.txt",
			);
			runOnlyForDeploymentPostprocessing = 0;
			shellPath = /bin/sh;
			shellScript = "diff \"${PODS_PODFILE_DIR_PATH}/Podfile.lock\" \"${PODS_ROOT}/Manifest.lock\" > /dev/null\nif [ $? != 0 ] ; then\n    # print error to STDERR\n    echo \"error: The sandbox is not in sync with the Podfile.lock. Run 'pod install' or update your CocoaPods installation.\" >&2\n    exit 1\nfi\n# This output is used by Xcode 'outputs' to avoid re-running this script phase.\necho \"SUCCESS\" > \"${SCRIPT_OUTPUT_FILE_0}\"\n";
			showEnvVarsInLog = 0;
		};
/* End PBXShellScriptBuildPhase section */

/* Begin PBXSourcesBuildPhase section */
		36ECD06D282955FB00729838 /* Sources */ = {
			isa = PBXSourcesBuildPhase;
			buildActionMask = 2147483647;
			files = (
				36ECD079282955FB00729838 /* ViewController.swift in Sources */,
				36ECD07F282955FB00729838 /* MovieIt.xcdatamodeld in Sources */,
				36ECD075282955FB00729838 /* AppDelegate.swift in Sources */,
				36ECD077282955FB00729838 /* SceneDelegate.swift in Sources */,
				36C300BC28296E8200843B59 /* MypageViewController.swift in Sources */,
			);
			runOnlyForDeploymentPostprocessing = 0;
		};
/* End PBXSourcesBuildPhase section */

/* Begin PBXVariantGroup section */
		36ECD07A282955FB00729838 /* Main.storyboard */ = {
			isa = PBXVariantGroup;
			children = (
				36ECD07B282955FB00729838 /* Base */,
			);
			name = Main.storyboard;
			sourceTree = "<group>";
		};
		36ECD082282955FE00729838 /* LaunchScreen.storyboard */ = {
			isa = PBXVariantGroup;
			children = (
				36ECD083282955FE00729838 /* Base */,
			);
			name = LaunchScreen.storyboard;
			sourceTree = "<group>";
		};
/* End PBXVariantGroup section */

/* Begin XCBuildConfiguration section */
		36ECD086282955FE00729838 /* Debug */ = {
			isa = XCBuildConfiguration;
			buildSettings = {
				ALWAYS_SEARCH_USER_PATHS = NO;
				CLANG_ANALYZER_NONNULL = YES;
				CLANG_ANALYZER_NUMBER_OBJECT_CONVERSION = YES_AGGRESSIVE;
				CLANG_CXX_LANGUAGE_STANDARD = "gnu++17";
				CLANG_ENABLE_MODULES = YES;
				CLANG_ENABLE_OBJC_ARC = YES;
				CLANG_ENABLE_OBJC_WEAK = YES;
				CLANG_WARN_BLOCK_CAPTURE_AUTORELEASING = YES;
				CLANG_WARN_BOOL_CONVERSION = YES;
				CLANG_WARN_COMMA = YES;
				CLANG_WARN_CONSTANT_CONVERSION = YES;
				CLANG_WARN_DEPRECATED_OBJC_IMPLEMENTATIONS = YES;
				CLANG_WARN_DIRECT_OBJC_ISA_USAGE = YES_ERROR;
				CLANG_WARN_DOCUMENTATION_COMMENTS = YES;
				CLANG_WARN_EMPTY_BODY = YES;
				CLANG_WARN_ENUM_CONVERSION = YES;
				CLANG_WARN_INFINITE_RECURSION = YES;
				CLANG_WARN_INT_CONVERSION = YES;
				CLANG_WARN_NON_LITERAL_NULL_CONVERSION = YES;
				CLANG_WARN_OBJC_IMPLICIT_RETAIN_SELF = YES;
				CLANG_WARN_OBJC_LITERAL_CONVERSION = YES;
				CLANG_WARN_OBJC_ROOT_CLASS = YES_ERROR;
				CLANG_WARN_QUOTED_INCLUDE_IN_FRAMEWORK_HEADER = YES;
				CLANG_WARN_RANGE_LOOP_ANALYSIS = YES;
				CLANG_WARN_STRICT_PROTOTYPES = YES;
				CLANG_WARN_SUSPICIOUS_MOVE = YES;
				CLANG_WARN_UNGUARDED_AVAILABILITY = YES_AGGRESSIVE;
				CLANG_WARN_UNREACHABLE_CODE = YES;
				CLANG_WARN__DUPLICATE_METHOD_MATCH = YES;
				COPY_PHASE_STRIP = NO;
				DEBUG_INFORMATION_FORMAT = dwarf;
				ENABLE_STRICT_OBJC_MSGSEND = YES;
				ENABLE_TESTABILITY = YES;
				GCC_C_LANGUAGE_STANDARD = gnu11;
				GCC_DYNAMIC_NO_PIC = NO;
				GCC_NO_COMMON_BLOCKS = YES;
				GCC_OPTIMIZATION_LEVEL = 0;
				GCC_PREPROCESSOR_DEFINITIONS = (
					"DEBUG=1",
					"$(inherited)",
				);
				GCC_WARN_64_TO_32_BIT_CONVERSION = YES;
				GCC_WARN_ABOUT_RETURN_TYPE = YES_ERROR;
				GCC_WARN_UNDECLARED_SELECTOR = YES;
				GCC_WARN_UNINITIALIZED_AUTOS = YES_AGGRESSIVE;
				GCC_WARN_UNUSED_FUNCTION = YES;
				GCC_WARN_UNUSED_VARIABLE = YES;
				IPHONEOS_DEPLOYMENT_TARGET = 15.4;
				MTL_ENABLE_DEBUG_INFO = INCLUDE_SOURCE;
				MTL_FAST_MATH = YES;
				ONLY_ACTIVE_ARCH = YES;
				SDKROOT = iphoneos;
				SWIFT_ACTIVE_COMPILATION_CONDITIONS = DEBUG;
				SWIFT_OPTIMIZATION_LEVEL = "-Onone";
			};
			name = Debug;
		};
		36ECD087282955FE00729838 /* Release */ = {
			isa = XCBuildConfiguration;
			buildSettings = {
				ALWAYS_SEARCH_USER_PATHS = NO;
				CLANG_ANALYZER_NONNULL = YES;
				CLANG_ANALYZER_NUMBER_OBJECT_CONVERSION = YES_AGGRESSIVE;
				CLANG_CXX_LANGUAGE_STANDARD = "gnu++17";
				CLANG_ENABLE_MODULES = YES;
				CLANG_ENABLE_OBJC_ARC = YES;
				CLANG_ENABLE_OBJC_WEAK = YES;
				CLANG_WARN_BLOCK_CAPTURE_AUTORELEASING = YES;
				CLANG_WARN_BOOL_CONVERSION = YES;
				CLANG_WARN_COMMA = YES;
				CLANG_WARN_CONSTANT_CONVERSION = YES;
				CLANG_WARN_DEPRECATED_OBJC_IMPLEMENTATIONS = YES;
				CLANG_WARN_DIRECT_OBJC_ISA_USAGE = YES_ERROR;
				CLANG_WARN_DOCUMENTATION_COMMENTS = YES;
				CLANG_WARN_EMPTY_BODY = YES;
				CLANG_WARN_ENUM_CONVERSION = YES;
				CLANG_WARN_INFINITE_RECURSION = YES;
				CLANG_WARN_INT_CONVERSION = YES;
				CLANG_WARN_NON_LITERAL_NULL_CONVERSION = YES;
				CLANG_WARN_OBJC_IMPLICIT_RETAIN_SELF = YES;
				CLANG_WARN_OBJC_LITERAL_CONVERSION = YES;
				CLANG_WARN_OBJC_ROOT_CLASS = YES_ERROR;
				CLANG_WARN_QUOTED_INCLUDE_IN_FRAMEWORK_HEADER = YES;
				CLANG_WARN_RANGE_LOOP_ANALYSIS = YES;
				CLANG_WARN_STRICT_PROTOTYPES = YES;
				CLANG_WARN_SUSPICIOUS_MOVE = YES;
				CLANG_WARN_UNGUARDED_AVAILABILITY = YES_AGGRESSIVE;
				CLANG_WARN_UNREACHABLE_CODE = YES;
				CLANG_WARN__DUPLICATE_METHOD_MATCH = YES;
				COPY_PHASE_STRIP = NO;
				DEBUG_INFORMATION_FORMAT = "dwarf-with-dsym";
				ENABLE_NS_ASSERTIONS = NO;
				ENABLE_STRICT_OBJC_MSGSEND = YES;
				GCC_C_LANGUAGE_STANDARD = gnu11;
				GCC_NO_COMMON_BLOCKS = YES;
				GCC_WARN_64_TO_32_BIT_CONVERSION = YES;
				GCC_WARN_ABOUT_RETURN_TYPE = YES_ERROR;
				GCC_WARN_UNDECLARED_SELECTOR = YES;
				GCC_WARN_UNINITIALIZED_AUTOS = YES_AGGRESSIVE;
				GCC_WARN_UNUSED_FUNCTION = YES;
				GCC_WARN_UNUSED_VARIABLE = YES;
				IPHONEOS_DEPLOYMENT_TARGET = 15.4;
				MTL_ENABLE_DEBUG_INFO = NO;
				MTL_FAST_MATH = YES;
				SDKROOT = iphoneos;
				SWIFT_COMPILATION_MODE = wholemodule;
				SWIFT_OPTIMIZATION_LEVEL = "-O";
				VALIDATE_PRODUCT = YES;
			};
			name = Release;
		};
		36ECD089282955FE00729838 /* Debug */ = {
			isa = XCBuildConfiguration;
			baseConfigurationReference = D1EE34233732C3D899A1EC3A /* Pods-MovieIt.debug.xcconfig */;
			buildSettings = {
				ASSETCATALOG_COMPILER_APPICON_NAME = AppIcon;
				ASSETCATALOG_COMPILER_GLOBAL_ACCENT_COLOR_NAME = AccentColor;
				CODE_SIGN_STYLE = Automatic;
				CURRENT_PROJECT_VERSION = 1;
				DEVELOPMENT_TEAM = 7RDXK25LLS;
				GENERATE_INFOPLIST_FILE = YES;
				INFOPLIST_FILE = MovieIt/Info.plist;
				INFOPLIST_KEY_UIApplicationSupportsIndirectInputEvents = YES;
				INFOPLIST_KEY_UILaunchStoryboardName = LaunchScreen;
				INFOPLIST_KEY_UIMainStoryboardFile = Main;
				INFOPLIST_KEY_UISupportedInterfaceOrientations_iPad = "UIInterfaceOrientationPortrait UIInterfaceOrientationPortraitUpsideDown UIInterfaceOrientationLandscapeLeft UIInterfaceOrientationLandscapeRight";
				INFOPLIST_KEY_UISupportedInterfaceOrientations_iPhone = "UIInterfaceOrientationPortrait UIInterfaceOrientationLandscapeLeft UIInterfaceOrientationLandscapeRight";
				LD_RUNPATH_SEARCH_PATHS = (
					"$(inherited)",
					"@executable_path/Frameworks",
				);
				MARKETING_VERSION = 1.0;
				PRODUCT_BUNDLE_IDENTIFIER = com.hoyu.MovieIt;
				PRODUCT_NAME = "$(TARGET_NAME)";
				SWIFT_EMIT_LOC_STRINGS = YES;
				SWIFT_VERSION = 5.0;
				TARGETED_DEVICE_FAMILY = "1,2";
			};
			name = Debug;
		};
		36ECD08A282955FE00729838 /* Release */ = {
			isa = XCBuildConfiguration;
			baseConfigurationReference = 0BE2D967A8F91D45141931A8 /* Pods-MovieIt.release.xcconfig */;
			buildSettings = {
				ASSETCATALOG_COMPILER_APPICON_NAME = AppIcon;
				ASSETCATALOG_COMPILER_GLOBAL_ACCENT_COLOR_NAME = AccentColor;
				CODE_SIGN_STYLE = Automatic;
				CURRENT_PROJECT_VERSION = 1;
				DEVELOPMENT_TEAM = 7RDXK25LLS;
				GENERATE_INFOPLIST_FILE = YES;
				INFOPLIST_FILE = MovieIt/Info.plist;
				INFOPLIST_KEY_UIApplicationSupportsIndirectInputEvents = YES;
				INFOPLIST_KEY_UILaunchStoryboardName = LaunchScreen;
				INFOPLIST_KEY_UIMainStoryboardFile = Main;
				INFOPLIST_KEY_UISupportedInterfaceOrientations_iPad = "UIInterfaceOrientationPortrait UIInterfaceOrientationPortraitUpsideDown UIInterfaceOrientationLandscapeLeft UIInterfaceOrientationLandscapeRight";
				INFOPLIST_KEY_UISupportedInterfaceOrientations_iPhone = "UIInterfaceOrientationPortrait UIInterfaceOrientationLandscapeLeft UIInterfaceOrientationLandscapeRight";
				LD_RUNPATH_SEARCH_PATHS = (
					"$(inherited)",
					"@executable_path/Frameworks",
				);
				MARKETING_VERSION = 1.0;
				PRODUCT_BUNDLE_IDENTIFIER = com.hoyu.MovieIt;
				PRODUCT_NAME = "$(TARGET_NAME)";
				SWIFT_EMIT_LOC_STRINGS = YES;
				SWIFT_VERSION = 5.0;
				TARGETED_DEVICE_FAMILY = "1,2";
			};
			name = Release;
		};
/* End XCBuildConfiguration section */

/* Begin XCConfigurationList section */
		36ECD06C282955FB00729838 /* Build configuration list for PBXProject "MovieIt" */ = {
			isa = XCConfigurationList;
			buildConfigurations = (
				36ECD086282955FE00729838 /* Debug */,
				36ECD087282955FE00729838 /* Release */,
			);
			defaultConfigurationIsVisible = 0;
			defaultConfigurationName = Release;
		};
		36ECD088282955FE00729838 /* Build configuration list for PBXNativeTarget "MovieIt" */ = {
			isa = XCConfigurationList;
			buildConfigurations = (
				36ECD089282955FE00729838 /* Debug */,
				36ECD08A282955FE00729838 /* Release */,
			);
			defaultConfigurationIsVisible = 0;
			defaultConfigurationName = Release;
		};
/* End XCConfigurationList section */

/* Begin XCVersionGroup section */
		36ECD07D282955FB00729838 /* MovieIt.xcdatamodeld */ = {
			isa = XCVersionGroup;
			children = (
				36ECD07E282955FB00729838 /* MovieIt.xcdatamodel */,
			);
			currentVersion = 36ECD07E282955FB00729838 /* MovieIt.xcdatamodel */;
			path = MovieIt.xcdatamodeld;
			sourceTree = "<group>";
			versionGroupType = wrapper.xcdatamodel;
		};
/* End XCVersionGroup section */
	};
	rootObject = 36ECD069282955FB00729838 /* Project object */;
}
